// !$*UTF8*$!
{
	archiveVersion = 1;
	classes = {
	};
	objectVersion = 46;
	objects = {

/* Begin PBXBuildFile section */
		8827706D1EF37E5A004DC6E6 /* main.m in Sources */ = {isa = PBXBuildFile; fileRef = 8827706C1EF37E5A004DC6E6 /* main.m */; };
		882770701EF37E5A004DC6E6 /* AppDelegate.m in Sources */ = {isa = PBXBuildFile; fileRef = 8827706F1EF37E5A004DC6E6 /* AppDelegate.m */; };
		882770731EF37E5A004DC6E6 /* ViewController.m in Sources */ = {isa = PBXBuildFile; fileRef = 882770721EF37E5A004DC6E6 /* ViewController.m */; };
		882770761EF37E5A004DC6E6 /* Main.storyboard in Resources */ = {isa = PBXBuildFile; fileRef = 882770741EF37E5A004DC6E6 /* Main.storyboard */; };
		882770781EF37E5A004DC6E6 /* Assets.xcassets in Resources */ = {isa = PBXBuildFile; fileRef = 882770771EF37E5A004DC6E6 /* Assets.xcassets */; };
		8827707B1EF37E5A004DC6E6 /* LaunchScreen.storyboard in Resources */ = {isa = PBXBuildFile; fileRef = 882770791EF37E5A004DC6E6 /* LaunchScreen.storyboard */; };
		882770861EF37E5B004DC6E6 /* ____Tests.m in Sources */ = {isa = PBXBuildFile; fileRef = 882770851EF37E5B004DC6E6 /* ____Tests.m */; };
		882770911EF37E5B004DC6E6 /* ____UITests.m in Sources */ = {isa = PBXBuildFile; fileRef = 882770901EF37E5B004DC6E6 /* ____UITests.m */; };
		882770C51EF37ED0004DC6E6 /* AFHTTPSessionManager.m in Sources */ = {isa = PBXBuildFile; fileRef = 882770A21EF37ED0004DC6E6 /* AFHTTPSessionManager.m */; };
		882770C61EF37ED0004DC6E6 /* AFNetworkReachabilityManager.m in Sources */ = {isa = PBXBuildFile; fileRef = 882770A51EF37ED0004DC6E6 /* AFNetworkReachabilityManager.m */; };
		882770C71EF37ED0004DC6E6 /* AFSecurityPolicy.m in Sources */ = {isa = PBXBuildFile; fileRef = 882770A71EF37ED0004DC6E6 /* AFSecurityPolicy.m */; };
		882770C81EF37ED0004DC6E6 /* AFURLRequestSerialization.m in Sources */ = {isa = PBXBuildFile; fileRef = 882770A91EF37ED0004DC6E6 /* AFURLRequestSerialization.m */; };
		882770C91EF37ED0004DC6E6 /* AFURLResponseSerialization.m in Sources */ = {isa = PBXBuildFile; fileRef = 882770AB1EF37ED0004DC6E6 /* AFURLResponseSerialization.m */; };
		882770CA1EF37ED0004DC6E6 /* AFURLSessionManager.m in Sources */ = {isa = PBXBuildFile; fileRef = 882770AD1EF37ED0004DC6E6 /* AFURLSessionManager.m */; };
		882770CB1EF37ED0004DC6E6 /* LICENSE in Resources */ = {isa = PBXBuildFile; fileRef = 882770AE1EF37ED0004DC6E6 /* LICENSE */; };
		882770CC1EF37ED0004DC6E6 /* README.md in Sources */ = {isa = PBXBuildFile; fileRef = 882770AF1EF37ED0004DC6E6 /* README.md */; };
		882770CD1EF37ED0004DC6E6 /* AFAutoPurgingImageCache.m in Sources */ = {isa = PBXBuildFile; fileRef = 882770B21EF37ED0004DC6E6 /* AFAutoPurgingImageCache.m */; };
		882770CE1EF37ED0004DC6E6 /* AFImageDownloader.m in Sources */ = {isa = PBXBuildFile; fileRef = 882770B41EF37ED0004DC6E6 /* AFImageDownloader.m */; };
		882770CF1EF37ED0004DC6E6 /* AFNetworkActivityIndicatorManager.m in Sources */ = {isa = PBXBuildFile; fileRef = 882770B61EF37ED0004DC6E6 /* AFNetworkActivityIndicatorManager.m */; };
		882770D01EF37ED0004DC6E6 /* UIActivityIndicatorView+AFNetworking.m in Sources */ = {isa = PBXBuildFile; fileRef = 882770B81EF37ED0004DC6E6 /* UIActivityIndicatorView+AFNetworking.m */; };
		882770D11EF37ED0004DC6E6 /* UIButton+AFNetworking.m in Sources */ = {isa = PBXBuildFile; fileRef = 882770BA1EF37ED0004DC6E6 /* UIButton+AFNetworking.m */; };
		882770D21EF37ED0004DC6E6 /* UIImageView+AFNetworking.m in Sources */ = {isa = PBXBuildFile; fileRef = 882770BD1EF37ED0004DC6E6 /* UIImageView+AFNetworking.m */; };
		882770D31EF37ED0004DC6E6 /* UIProgressView+AFNetworking.m in Sources */ = {isa = PBXBuildFile; fileRef = 882770C01EF37ED0004DC6E6 /* UIProgressView+AFNetworking.m */; };
		882770D41EF37ED0004DC6E6 /* UIRefreshControl+AFNetworking.m in Sources */ = {isa = PBXBuildFile; fileRef = 882770C21EF37ED0004DC6E6 /* UIRefreshControl+AFNetworking.m */; };
		882770D51EF37ED0004DC6E6 /* UIWebView+AFNetworking.m in Sources */ = {isa = PBXBuildFile; fileRef = 882770C41EF37ED0004DC6E6 /* UIWebView+AFNetworking.m */; };
		882770D81EF37EF2004DC6E6 /* JKHttpClientTool.m in Sources */ = {isa = PBXBuildFile; fileRef = 882770D71EF37EF2004DC6E6 /* JKHttpClientTool.m */; };
		882770DB1EF37F52004DC6E6 /* JKHttpServiceManager.m in Sources */ = {isa = PBXBuildFile; fileRef = 882770DA1EF37F52004DC6E6 /* JKHttpServiceManager.m */; };
/* End PBXBuildFile section */

/* Begin PBXContainerItemProxy section */
		882770821EF37E5B004DC6E6 /* PBXContainerItemProxy */ = {
			isa = PBXContainerItemProxy;
			containerPortal = 882770601EF37E5A004DC6E6 /* Project object */;
			proxyType = 1;
			remoteGlobalIDString = 882770671EF37E5A004DC6E6;
			remoteInfo = "图片上传";
		};
		8827708D1EF37E5B004DC6E6 /* PBXContainerItemProxy */ = {
			isa = PBXContainerItemProxy;
			containerPortal = 882770601EF37E5A004DC6E6 /* Project object */;
			proxyType = 1;
			remoteGlobalIDString = 882770671EF37E5A004DC6E6;
			remoteInfo = "图片上传";
		};
/* End PBXContainerItemProxy section */

/* Begin PBXFileReference section */
		882770681EF37E5A004DC6E6 /* 图片上传.app */ = {isa = PBXFileReference; explicitFileType = wrapper.application; includeInIndex = 0; path = "图片上传.app"; sourceTree = BUILT_PRODUCTS_DIR; };
		8827706C1EF37E5A004DC6E6 /* main.m */ = {isa = PBXFileReference; lastKnownFileType = sourcecode.c.objc; path = main.m; sourceTree = "<group>"; };
		8827706E1EF37E5A004DC6E6 /* AppDelegate.h */ = {isa = PBXFileReference; lastKnownFileType = sourcecode.c.h; path = AppDelegate.h; sourceTree = "<group>"; };
		8827706F1EF37E5A004DC6E6 /* AppDelegate.m */ = {isa = PBXFileReference; lastKnownFileType = sourcecode.c.objc; path = AppDelegate.m; sourceTree = "<group>"; };
		882770711EF37E5A004DC6E6 /* ViewController.h */ = {isa = PBXFileReference; lastKnownFileType = sourcecode.c.h; path = ViewController.h; sourceTree = "<group>"; };
		882770721EF37E5A004DC6E6 /* ViewController.m */ = {isa = PBXFileReference; lastKnownFileType = sourcecode.c.objc; path = ViewController.m; sourceTree = "<group>"; };
		882770751EF37E5A004DC6E6 /* Base */ = {isa = PBXFileReference; lastKnownFileType = file.storyboard; name = Base; path = Base.lproj/Main.storyboard; sourceTree = "<group>"; };
		882770771EF37E5A004DC6E6 /* Assets.xcassets */ = {isa = PBXFileReference; lastKnownFileType = folder.assetcatalog; path = Assets.xcassets; sourceTree = "<group>"; };
		8827707A1EF37E5A004DC6E6 /* Base */ = {isa = PBXFileReference; lastKnownFileType = file.storyboard; name = Base; path = Base.lproj/LaunchScreen.storyboard; sourceTree = "<group>"; };
		8827707C1EF37E5A004DC6E6 /* Info.plist */ = {isa = PBXFileReference; lastKnownFileType = text.plist.xml; path = Info.plist; sourceTree = "<group>"; };
		882770811EF37E5B004DC6E6 /* 图片上传Tests.xctest */ = {isa = PBXFileReference; explicitFileType = wrapper.cfbundle; includeInIndex = 0; path = "图片上传Tests.xctest"; sourceTree = BUILT_PRODUCTS_DIR; };
		882770851EF37E5B004DC6E6 /* ____Tests.m */ = {isa = PBXFileReference; lastKnownFileType = sourcecode.c.objc; path = "____Tests.m"; sourceTree = "<group>"; };
		882770871EF37E5B004DC6E6 /* Info.plist */ = {isa = PBXFileReference; lastKnownFileType = text.plist.xml; path = Info.plist; sourceTree = "<group>"; };
		8827708C1EF37E5B004DC6E6 /* 图片上传UITests.xctest */ = {isa = PBXFileReference; explicitFileType = wrapper.cfbundle; includeInIndex = 0; path = "图片上传UITests.xctest"; sourceTree = BUILT_PRODUCTS_DIR; };
		882770901EF37E5B004DC6E6 /* ____UITests.m */ = {isa = PBXFileReference; lastKnownFileType = sourcecode.c.objc; path = "____UITests.m"; sourceTree = "<group>"; };
		882770921EF37E5B004DC6E6 /* Info.plist */ = {isa = PBXFileReference; lastKnownFileType = text.plist.xml; path = Info.plist; sourceTree = "<group>"; };
		8827709E1EF37E6C004DC6E6 /* PrefixHeader.pch */ = {isa = PBXFileReference; fileEncoding = 4; lastKnownFileType = sourcecode.c.h; path = PrefixHeader.pch; sourceTree = "<group>"; };
		882770A11EF37ED0004DC6E6 /* AFHTTPSessionManager.h */ = {isa = PBXFileReference; fileEncoding = 4; lastKnownFileType = sourcecode.c.h; path = AFHTTPSessionManager.h; sourceTree = "<group>"; };
		882770A21EF37ED0004DC6E6 /* AFHTTPSessionManager.m */ = {isa = PBXFileReference; fileEncoding = 4; lastKnownFileType = sourcecode.c.objc; path = AFHTTPSessionManager.m; sourceTree = "<group>"; };
		882770A31EF37ED0004DC6E6 /* AFNetworking.h */ = {isa = PBXFileReference; fileEncoding = 4; lastKnownFileType = sourcecode.c.h; path = AFNetworking.h; sourceTree = "<group>"; };
		882770A41EF37ED0004DC6E6 /* AFNetworkReachabilityManager.h */ = {isa = PBXFileReference; fileEncoding = 4; lastKnownFileType = sourcecode.c.h; path = AFNetworkReachabilityManager.h; sourceTree = "<group>"; };
		882770A51EF37ED0004DC6E6 /* AFNetworkReachabilityManager.m */ = {isa = PBXFileReference; fileEncoding = 4; lastKnownFileType = sourcecode.c.objc; path = AFNetworkReachabilityManager.m; sourceTree = "<group>"; };
		882770A61EF37ED0004DC6E6 /* AFSecurityPolicy.h */ = {isa = PBXFileReference; fileEncoding = 4; lastKnownFileType = sourcecode.c.h; path = AFSecurityPolicy.h; sourceTree = "<group>"; };
		882770A71EF37ED0004DC6E6 /* AFSecurityPolicy.m */ = {isa = PBXFileReference; fileEncoding = 4; lastKnownFileType = sourcecode.c.objc; path = AFSecurityPolicy.m; sourceTree = "<group>"; };
		882770A81EF37ED0004DC6E6 /* AFURLRequestSerialization.h */ = {isa = PBXFileReference; fileEncoding = 4; lastKnownFileType = sourcecode.c.h; path = AFURLRequestSerialization.h; sourceTree = "<group>"; };
		882770A91EF37ED0004DC6E6 /* AFURLRequestSerialization.m */ = {isa = PBXFileReference; fileEncoding = 4; lastKnownFileType = sourcecode.c.objc; path = AFURLRequestSerialization.m; sourceTree = "<group>"; };
		882770AA1EF37ED0004DC6E6 /* AFURLResponseSerialization.h */ = {isa = PBXFileReference; fileEncoding = 4; lastKnownFileType = sourcecode.c.h; path = AFURLResponseSerialization.h; sourceTree = "<group>"; };
		882770AB1EF37ED0004DC6E6 /* AFURLResponseSerialization.m */ = {isa = PBXFileReference; fileEncoding = 4; lastKnownFileType = sourcecode.c.objc; path = AFURLResponseSerialization.m; sourceTree = "<group>"; };
		882770AC1EF37ED0004DC6E6 /* AFURLSessionManager.h */ = {isa = PBXFileReference; fileEncoding = 4; lastKnownFileType = sourcecode.c.h; path = AFURLSessionManager.h; sourceTree = "<group>"; };
		882770AD1EF37ED0004DC6E6 /* AFURLSessionManager.m */ = {isa = PBXFileReference; fileEncoding = 4; lastKnownFileType = sourcecode.c.objc; path = AFURLSessionManager.m; sourceTree = "<group>"; };
		882770AE1EF37ED0004DC6E6 /* LICENSE */ = {isa = PBXFileReference; fileEncoding = 4; lastKnownFileType = text; path = LICENSE; sourceTree = "<group>"; };
		882770AF1EF37ED0004DC6E6 /* README.md */ = {isa = PBXFileReference; fileEncoding = 4; lastKnownFileType = net.daringfireball.markdown; path = README.md; sourceTree = "<group>"; };
		882770B11EF37ED0004DC6E6 /* AFAutoPurgingImageCache.h */ = {isa = PBXFileReference; fileEncoding = 4; lastKnownFileType = sourcecode.c.h; path = AFAutoPurgingImageCache.h; sourceTree = "<group>"; };
		882770B21EF37ED0004DC6E6 /* AFAutoPurgingImageCache.m */ = {isa = PBXFileReference; fileEncoding = 4; lastKnownFileType = sourcecode.c.objc; path = AFAutoPurgingImageCache.m; sourceTree = "<group>"; };
		882770B31EF37ED0004DC6E6 /* AFImageDownloader.h */ = {isa = PBXFileReference; fileEncoding = 4; lastKnownFileType = sourcecode.c.h; path = AFImageDownloader.h; sourceTree = "<group>"; };
		882770B41EF37ED0004DC6E6 /* AFImageDownloader.m */ = {isa = PBXFileReference; fileEncoding = 4; lastKnownFileType = sourcecode.c.objc; path = AFImageDownloader.m; sourceTree = "<group>"; };
		882770B51EF37ED0004DC6E6 /* AFNetworkActivityIndicatorManager.h */ = {isa = PBXFileReference; fileEncoding = 4; lastKnownFileType = sourcecode.c.h; path = AFNetworkActivityIndicatorManager.h; sourceTree = "<group>"; };
		882770B61EF37ED0004DC6E6 /* AFNetworkActivityIndicatorManager.m */ = {isa = PBXFileReference; fileEncoding = 4; lastKnownFileType = sourcecode.c.objc; path = AFNetworkActivityIndicatorManager.m; sourceTree = "<group>"; };
		882770B71EF37ED0004DC6E6 /* UIActivityIndicatorView+AFNetworking.h */ = {isa = PBXFileReference; fileEncoding = 4; lastKnownFileType = sourcecode.c.h; path = "UIActivityIndicatorView+AFNetworking.h"; sourceTree = "<group>"; };
		882770B81EF37ED0004DC6E6 /* UIActivityIndicatorView+AFNetworking.m */ = {isa = PBXFileReference; fileEncoding = 4; lastKnownFileType = sourcecode.c.objc; path = "UIActivityIndicatorView+AFNetworking.m"; sourceTree = "<group>"; };
		882770B91EF37ED0004DC6E6 /* UIButton+AFNetworking.h */ = {isa = PBXFileReference; fileEncoding = 4; lastKnownFileType = sourcecode.c.h; path = "UIButton+AFNetworking.h"; sourceTree = "<group>"; };
		882770BA1EF37ED0004DC6E6 /* UIButton+AFNetworking.m */ = {isa = PBXFileReference; fileEncoding = 4; lastKnownFileType = sourcecode.c.objc; path = "UIButton+AFNetworking.m"; sourceTree = "<group>"; };
		882770BB1EF37ED0004DC6E6 /* UIImage+AFNetworking.h */ = {isa = PBXFileReference; fileEncoding = 4; lastKnownFileType = sourcecode.c.h; path = "UIImage+AFNetworking.h"; sourceTree = "<group>"; };
		882770BC1EF37ED0004DC6E6 /* UIImageView+AFNetworking.h */ = {isa = PBXFileReference; fileEncoding = 4; lastKnownFileType = sourcecode.c.h; path = "UIImageView+AFNetworking.h"; sourceTree = "<group>"; };
		882770BD1EF37ED0004DC6E6 /* UIImageView+AFNetworking.m */ = {isa = PBXFileReference; fileEncoding = 4; lastKnownFileType = sourcecode.c.objc; path = "UIImageView+AFNetworking.m"; sourceTree = "<group>"; };
		882770BE1EF37ED0004DC6E6 /* UIKit+AFNetworking.h */ = {isa = PBXFileReference; fileEncoding = 4; lastKnownFileType = sourcecode.c.h; path = "UIKit+AFNetworking.h"; sourceTree = "<group>"; };
		882770BF1EF37ED0004DC6E6 /* UIProgressView+AFNetworking.h */ = {isa = PBXFileReference; fileEncoding = 4; lastKnownFileType = sourcecode.c.h; path = "UIProgressView+AFNetworking.h"; sourceTree = "<group>"; };
		882770C01EF37ED0004DC6E6 /* UIProgressView+AFNetworking.m */ = {isa = PBXFileReference; fileEncoding = 4; lastKnownFileType = sourcecode.c.objc; path = "UIProgressView+AFNetworking.m"; sourceTree = "<group>"; };
		882770C11EF37ED0004DC6E6 /* UIRefreshControl+AFNetworking.h */ = {isa = PBXFileReference; fileEncoding = 4; lastKnownFileType = sourcecode.c.h; path = "UIRefreshControl+AFNetworking.h"; sourceTree = "<group>"; };
		882770C21EF37ED0004DC6E6 /* UIRefreshControl+AFNetworking.m */ = {isa = PBXFileReference; fileEncoding = 4; lastKnownFileType = sourcecode.c.objc; path = "UIRefreshControl+AFNetworking.m"; sourceTree = "<group>"; };
		882770C31EF37ED0004DC6E6 /* UIWebView+AFNetworking.h */ = {isa = PBXFileReference; fileEncoding = 4; lastKnownFileType = sourcecode.c.h; path = "UIWebView+AFNetworking.h"; sourceTree = "<group>"; };
		882770C41EF37ED0004DC6E6 /* UIWebView+AFNetworking.m */ = {isa = PBXFileReference; fileEncoding = 4; lastKnownFileType = sourcecode.c.objc; path = "UIWebView+AFNetworking.m"; sourceTree = "<group>"; };
		882770D61EF37EF2004DC6E6 /* JKHttpClientTool.h */ = {isa = PBXFileReference; fileEncoding = 4; lastKnownFileType = sourcecode.c.h; path = JKHttpClientTool.h; sourceTree = "<group>"; };
		882770D71EF37EF2004DC6E6 /* JKHttpClientTool.m */ = {isa = PBXFileReference; fileEncoding = 4; lastKnownFileType = sourcecode.c.objc; path = JKHttpClientTool.m; sourceTree = "<group>"; };
		882770D91EF37F52004DC6E6 /* JKHttpServiceManager.h */ = {isa = PBXFileReference; fileEncoding = 4; lastKnownFileType = sourcecode.c.h; path = JKHttpServiceManager.h; sourceTree = "<group>"; };
		882770DA1EF37F52004DC6E6 /* JKHttpServiceManager.m */ = {isa = PBXFileReference; fileEncoding = 4; lastKnownFileType = sourcecode.c.objc; path = JKHttpServiceManager.m; sourceTree = "<group>"; };
/* End PBXFileReference section */

/* Begin PBXFrameworksBuildPhase section */
		882770651EF37E5A004DC6E6 /* Frameworks */ = {
			isa = PBXFrameworksBuildPhase;
			buildActionMask = 2147483647;
			files = (
			);
			runOnlyForDeploymentPostprocessing = 0;
		};
		8827707E1EF37E5B004DC6E6 /* Frameworks */ = {
			isa = PBXFrameworksBuildPhase;
			buildActionMask = 2147483647;
			files = (
			);
			runOnlyForDeploymentPostprocessing = 0;
		};
		882770891EF37E5B004DC6E6 /* Frameworks */ = {
			isa = PBXFrameworksBuildPhase;
			buildActionMask = 2147483647;
			files = (
			);
			runOnlyForDeploymentPostprocessing = 0;
		};
/* End PBXFrameworksBuildPhase section */

/* Begin PBXGroup section */
		8827705F1EF37E5A004DC6E6 = {
			isa = PBXGroup;
			children = (
				8827706A1EF37E5A004DC6E6 /* 图片上传 */,
				882770841EF37E5B004DC6E6 /* 图片上传Tests */,
				8827708F1EF37E5B004DC6E6 /* 图片上传UITests */,
				882770691EF37E5A004DC6E6 /* Products */,
			);
			sourceTree = "<group>";
		};
		882770691EF37E5A004DC6E6 /* Products */ = {
			isa = PBXGroup;
			children = (
				882770681EF37E5A004DC6E6 /* 图片上传.app */,
				882770811EF37E5B004DC6E6 /* 图片上传Tests.xctest */,
				8827708C1EF37E5B004DC6E6 /* 图片上传UITests.xctest */,
			);
			name = Products;
			sourceTree = "<group>";
		};
		8827706A1EF37E5A004DC6E6 /* 图片上传 */ = {
			isa = PBXGroup;
			children = (
				8827709F1EF37ED0004DC6E6 /* AFNetworking */,
				8827706E1EF37E5A004DC6E6 /* AppDelegate.h */,
				8827706F1EF37E5A004DC6E6 /* AppDelegate.m */,
				882770711EF37E5A004DC6E6 /* ViewController.h */,
				882770721EF37E5A004DC6E6 /* ViewController.m */,
				882770D91EF37F52004DC6E6 /* JKHttpServiceManager.h */,
				882770DA1EF37F52004DC6E6 /* JKHttpServiceManager.m */,
				882770D61EF37EF2004DC6E6 /* JKHttpClientTool.h */,
				882770D71EF37EF2004DC6E6 /* JKHttpClientTool.m */,
				882770741EF37E5A004DC6E6 /* Main.storyboard */,
				882770771EF37E5A004DC6E6 /* Assets.xcassets */,
				882770791EF37E5A004DC6E6 /* LaunchScreen.storyboard */,
				8827707C1EF37E5A004DC6E6 /* Info.plist */,
				8827706B1EF37E5A004DC6E6 /* Supporting Files */,
			);
			path = "图片上传";
			sourceTree = "<group>";
		};
		8827706B1EF37E5A004DC6E6 /* Supporting Files */ = {
			isa = PBXGroup;
			children = (
				8827706C1EF37E5A004DC6E6 /* main.m */,
				8827709E1EF37E6C004DC6E6 /* PrefixHeader.pch */,
			);
			name = "Supporting Files";
			sourceTree = "<group>";
		};
		882770841EF37E5B004DC6E6 /* 图片上传Tests */ = {
			isa = PBXGroup;
			children = (
				882770851EF37E5B004DC6E6 /* ____Tests.m */,
				882770871EF37E5B004DC6E6 /* Info.plist */,
			);
			path = "图片上传Tests";
			sourceTree = "<group>";
		};
		8827708F1EF37E5B004DC6E6 /* 图片上传UITests */ = {
			isa = PBXGroup;
			children = (
				882770901EF37E5B004DC6E6 /* ____UITests.m */,
				882770921EF37E5B004DC6E6 /* Info.plist */,
			);
			path = "图片上传UITests";
			sourceTree = "<group>";
		};
		8827709F1EF37ED0004DC6E6 /* AFNetworking */ = {
			isa = PBXGroup;
			children = (
				882770A01EF37ED0004DC6E6 /* AFNetworking */,
				882770AE1EF37ED0004DC6E6 /* LICENSE */,
				882770AF1EF37ED0004DC6E6 /* README.md */,
				882770B01EF37ED0004DC6E6 /* UIKit+AFNetworking */,
			);
			path = AFNetworking;
			sourceTree = "<group>";
		};
		882770A01EF37ED0004DC6E6 /* AFNetworking */ = {
			isa = PBXGroup;
			children = (
				882770A11EF37ED0004DC6E6 /* AFHTTPSessionManager.h */,
				882770A21EF37ED0004DC6E6 /* AFHTTPSessionManager.m */,
				882770A31EF37ED0004DC6E6 /* AFNetworking.h */,
				882770A41EF37ED0004DC6E6 /* AFNetworkReachabilityManager.h */,
				882770A51EF37ED0004DC6E6 /* AFNetworkReachabilityManager.m */,
				882770A61EF37ED0004DC6E6 /* AFSecurityPolicy.h */,
				882770A71EF37ED0004DC6E6 /* AFSecurityPolicy.m */,
				882770A81EF37ED0004DC6E6 /* AFURLRequestSerialization.h */,
				882770A91EF37ED0004DC6E6 /* AFURLRequestSerialization.m */,
				882770AA1EF37ED0004DC6E6 /* AFURLResponseSerialization.h */,
				882770AB1EF37ED0004DC6E6 /* AFURLResponseSerialization.m */,
				882770AC1EF37ED0004DC6E6 /* AFURLSessionManager.h */,
				882770AD1EF37ED0004DC6E6 /* AFURLSessionManager.m */,
			);
			path = AFNetworking;
			sourceTree = "<group>";
		};
		882770B01EF37ED0004DC6E6 /* UIKit+AFNetworking */ = {
			isa = PBXGroup;
			children = (
				882770B11EF37ED0004DC6E6 /* AFAutoPurgingImageCache.h */,
				882770B21EF37ED0004DC6E6 /* AFAutoPurgingImageCache.m */,
				882770B31EF37ED0004DC6E6 /* AFImageDownloader.h */,
				882770B41EF37ED0004DC6E6 /* AFImageDownloader.m */,
				882770B51EF37ED0004DC6E6 /* AFNetworkActivityIndicatorManager.h */,
				882770B61EF37ED0004DC6E6 /* AFNetworkActivityIndicatorManager.m */,
				882770B71EF37ED0004DC6E6 /* UIActivityIndicatorView+AFNetworking.h */,
				882770B81EF37ED0004DC6E6 /* UIActivityIndicatorView+AFNetworking.m */,
				882770B91EF37ED0004DC6E6 /* UIButton+AFNetworking.h */,
				882770BA1EF37ED0004DC6E6 /* UIButton+AFNetworking.m */,
				882770BB1EF37ED0004DC6E6 /* UIImage+AFNetworking.h */,
				882770BC1EF37ED0004DC6E6 /* UIImageView+AFNetworking.h */,
				882770BD1EF37ED0004DC6E6 /* UIImageView+AFNetworking.m */,
				882770BE1EF37ED0004DC6E6 /* UIKit+AFNetworking.h */,
				882770BF1EF37ED0004DC6E6 /* UIProgressView+AFNetworking.h */,
				882770C01EF37ED0004DC6E6 /* UIProgressView+AFNetworking.m */,
				882770C11EF37ED0004DC6E6 /* UIRefreshControl+AFNetworking.h */,
				882770C21EF37ED0004DC6E6 /* UIRefreshControl+AFNetworking.m */,
				882770C31EF37ED0004DC6E6 /* UIWebView+AFNetworking.h */,
				882770C41EF37ED0004DC6E6 /* UIWebView+AFNetworking.m */,
			);
			path = "UIKit+AFNetworking";
			sourceTree = "<group>";
		};
/* End PBXGroup section */

/* Begin PBXNativeTarget section */
		882770671EF37E5A004DC6E6 /* 图片上传 */ = {
			isa = PBXNativeTarget;
			buildConfigurationList = 882770951EF37E5B004DC6E6 /* Build configuration list for PBXNativeTarget "图片上传" */;
			buildPhases = (
				882770641EF37E5A004DC6E6 /* Sources */,
				882770651EF37E5A004DC6E6 /* Frameworks */,
				882770661EF37E5A004DC6E6 /* Resources */,
			);
			buildRules = (
			);
			dependencies = (
			);
			name = "图片上传";
			productName = "图片上传";
			productReference = 882770681EF37E5A004DC6E6 /* 图片上传.app */;
			productType = "com.apple.product-type.application";
		};
		882770801EF37E5B004DC6E6 /* 图片上传Tests */ = {
			isa = PBXNativeTarget;
			buildConfigurationList = 882770981EF37E5B004DC6E6 /* Build configuration list for PBXNativeTarget "图片上传Tests" */;
			buildPhases = (
				8827707D1EF37E5B004DC6E6 /* Sources */,
				8827707E1EF37E5B004DC6E6 /* Frameworks */,
				8827707F1EF37E5B004DC6E6 /* Resources */,
			);
			buildRules = (
			);
			dependencies = (
				882770831EF37E5B004DC6E6 /* PBXTargetDependency */,
			);
			name = "图片上传Tests";
			productName = "图片上传Tests";
			productReference = 882770811EF37E5B004DC6E6 /* 图片上传Tests.xctest */;
			productType = "com.apple.product-type.bundle.unit-test";
		};
		8827708B1EF37E5B004DC6E6 /* 图片上传UITests */ = {
			isa = PBXNativeTarget;
			buildConfigurationList = 8827709B1EF37E5B004DC6E6 /* Build configuration list for PBXNativeTarget "图片上传UITests" */;
			buildPhases = (
				882770881EF37E5B004DC6E6 /* Sources */,
				882770891EF37E5B004DC6E6 /* Frameworks */,
				8827708A1EF37E5B004DC6E6 /* Resources */,
			);
			buildRules = (
			);
			dependencies = (
				8827708E1EF37E5B004DC6E6 /* PBXTargetDependency */,
			);
			name = "图片上传UITests";
			productName = "图片上传UITests";
			productReference = 8827708C1EF37E5B004DC6E6 /* 图片上传UITests.xctest */;
			productType = "com.apple.product-type.bundle.ui-testing";
		};
/* End PBXNativeTarget section */

/* Begin PBXProject section */
		882770601EF37E5A004DC6E6 /* Project object */ = {
			isa = PBXProject;
			attributes = {
				LastUpgradeCheck = 0810;
				ORGANIZATIONNAME = "联系QQ:1084356436";
				TargetAttributes = {
					882770671EF37E5A004DC6E6 = {
						CreatedOnToolsVersion = 8.1;
						ProvisioningStyle = Automatic;
					};
					882770801EF37E5B004DC6E6 = {
						CreatedOnToolsVersion = 8.1;
						ProvisioningStyle = Automatic;
						TestTargetID = 882770671EF37E5A004DC6E6;
					};
					8827708B1EF37E5B004DC6E6 = {
						CreatedOnToolsVersion = 8.1;
						ProvisioningStyle = Automatic;
						TestTargetID = 882770671EF37E5A004DC6E6;
					};
				};
			};
			buildConfigurationList = 882770631EF37E5A004DC6E6 /* Build configuration list for PBXProject "图片上传" */;
			compatibilityVersion = "Xcode 3.2";
			developmentRegion = English;
			hasScannedForEncodings = 0;
			knownRegions = (
				en,
				Base,
			);
			mainGroup = 8827705F1EF37E5A004DC6E6;
			productRefGroup = 882770691EF37E5A004DC6E6 /* Products */;
			projectDirPath = "";
			projectRoot = "";
			targets = (
				882770671EF37E5A004DC6E6 /* 图片上传 */,
				882770801EF37E5B004DC6E6 /* 图片上传Tests */,
				8827708B1EF37E5B004DC6E6 /* 图片上传UITests */,
			);
		};
/* End PBXProject section */

/* Begin PBXResourcesBuildPhase section */
		882770661EF37E5A004DC6E6 /* Resources */ = {
			isa = PBXResourcesBuildPhase;
			buildActionMask = 2147483647;
			files = (
				8827707B1EF37E5A004DC6E6 /* LaunchScreen.storyboard in Resources */,
				882770781EF37E5A004DC6E6 /* Assets.xcassets in Resources */,
				882770CB1EF37ED0004DC6E6 /* LICENSE in Resources */,
				882770761EF37E5A004DC6E6 /* Main.storyboard in Resources */,
			);
			runOnlyForDeploymentPostprocessing = 0;
		};
		8827707F1EF37E5B004DC6E6 /* Resources */ = {
			isa = PBXResourcesBuildPhase;
			buildActionMask = 2147483647;
			files = (
			);
			runOnlyForDeploymentPostprocessing = 0;
		};
		8827708A1EF37E5B004DC6E6 /* Resources */ = {
			isa = PBXResourcesBuildPhase;
			buildActionMask = 2147483647;
			files = (
			);
			runOnlyForDeploymentPostprocessing = 0;
		};
/* End PBXResourcesBuildPhase section */

/* Begin PBXSourcesBuildPhase section */
		882770641EF37E5A004DC6E6 /* Sources */ = {
			isa = PBXSourcesBuildPhase;
			buildActionMask = 2147483647;
			files = (
				882770CA1EF37ED0004DC6E6 /* AFURLSessionManager.m in Sources */,
				882770731EF37E5A004DC6E6 /* ViewController.m in Sources */,
				882770CC1EF37ED0004DC6E6 /* README.md in Sources */,
				882770701EF37E5A004DC6E6 /* AppDelegate.m in Sources */,
				882770C61EF37ED0004DC6E6 /* AFNetworkReachabilityManager.m in Sources */,
				8827706D1EF37E5A004DC6E6 /* main.m in Sources */,
				882770D01EF37ED0004DC6E6 /* UIActivityIndicatorView+AFNetworking.m in Sources */,
				882770C71EF37ED0004DC6E6 /* AFSecurityPolicy.m in Sources */,
				882770D31EF37ED0004DC6E6 /* UIProgressView+AFNetworking.m in Sources */,
				882770C81EF37ED0004DC6E6 /* AFURLRequestSerialization.m in Sources */,
				882770C91EF37ED0004DC6E6 /* AFURLResponseSerialization.m in Sources */,
				882770CF1EF37ED0004DC6E6 /* AFNetworkActivityIndicatorManager.m in Sources */,
				882770D21EF37ED0004DC6E6 /* UIImageView+AFNetworking.m in Sources */,
				882770D11EF37ED0004DC6E6 /* UIButton+AFNetworking.m in Sources */,
				882770DB1EF37F52004DC6E6 /* JKHttpServiceManager.m in Sources */,
				882770D41EF37ED0004DC6E6 /* UIRefreshControl+AFNetworking.m in Sources */,
				882770D51EF37ED0004DC6E6 /* UIWebView+AFNetworking.m in Sources */,
				882770C51EF37ED0004DC6E6 /* AFHTTPSessionManager.m in Sources */,
				882770CD1EF37ED0004DC6E6 /* AFAutoPurgingImageCache.m in Sources */,
				882770CE1EF37ED0004DC6E6 /* AFImageDownloader.m in Sources */,
				882770D81EF37EF2004DC6E6 /* JKHttpClientTool.m in Sources */,
			);
			runOnlyForDeploymentPostprocessing = 0;
		};
		8827707D1EF37E5B004DC6E6 /* Sources */ = {
			isa = PBXSourcesBuildPhase;
			buildActionMask = 2147483647;
			files = (
				882770861EF37E5B004DC6E6 /* ____Tests.m in Sources */,
			);
			runOnlyForDeploymentPostprocessing = 0;
		};
		882770881EF37E5B004DC6E6 /* Sources */ = {
			isa = PBXSourcesBuildPhase;
			buildActionMask = 2147483647;
			files = (
				882770911EF37E5B004DC6E6 /* ____UITests.m in Sources */,
			);
			runOnlyForDeploymentPostprocessing = 0;
		};
/* End PBXSourcesBuildPhase section */

/* Begin PBXTargetDependency section */
		882770831EF37E5B004DC6E6 /* PBXTargetDependency */ = {
			isa = PBXTargetDependency;
			target = 882770671EF37E5A004DC6E6 /* 图片上传 */;
			targetProxy = 882770821EF37E5B004DC6E6 /* PBXContainerItemProxy */;
		};
		8827708E1EF37E5B004DC6E6 /* PBXTargetDependency */ = {
			isa = PBXTargetDependency;
			target = 882770671EF37E5A004DC6E6 /* 图片上传 */;
			targetProxy = 8827708D1EF37E5B004DC6E6 /* PBXContainerItemProxy */;
		};
/* End PBXTargetDependency section */

/* Begin PBXVariantGroup section */
		882770741EF37E5A004DC6E6 /* Main.storyboard */ = {
			isa = PBXVariantGroup;
			children = (
				882770751EF37E5A004DC6E6 /* Base */,
			);
			name = Main.storyboard;
			sourceTree = "<group>";
		};
		882770791EF37E5A004DC6E6 /* LaunchScreen.storyboard */ = {
			isa = PBXVariantGroup;
			children = (
				8827707A1EF37E5A004DC6E6 /* Base */,
			);
			name = LaunchScreen.storyboard;
			sourceTree = "<group>";
		};
/* End PBXVariantGroup section */

/* Begin XCBuildConfiguration section */
		882770931EF37E5B004DC6E6 /* Debug */ = {
			isa = XCBuildConfiguration;
			buildSettings = {
				ALWAYS_SEARCH_USER_PATHS = NO;
				CLANG_ANALYZER_NONNULL = YES;
				CLANG_CXX_LANGUAGE_STANDARD = "gnu++0x";
				CLANG_CXX_LIBRARY = "libc++";
				CLANG_ENABLE_MODULES = YES;
				CLANG_ENABLE_OBJC_ARC = YES;
				CLANG_WARN_BOOL_CONVERSION = YES;
				CLANG_WARN_CONSTANT_CONVERSION = YES;
				CLANG_WARN_DIRECT_OBJC_ISA_USAGE = YES_ERROR;
				CLANG_WARN_DOCUMENTATION_COMMENTS = YES;
				CLANG_WARN_EMPTY_BODY = YES;
				CLANG_WARN_ENUM_CONVERSION = YES;
				CLANG_WARN_INFINITE_RECURSION = YES;
				CLANG_WARN_INT_CONVERSION = YES;
				CLANG_WARN_OBJC_ROOT_CLASS = YES_ERROR;
				CLANG_WARN_SUSPICIOUS_MOVES = YES;
				CLANG_WARN_UNREACHABLE_CODE = YES;
				CLANG_WARN__DUPLICATE_METHOD_MATCH = YES;
				"CODE_SIGN_IDENTITY[sdk=iphoneos*]" = "iPhone Developer";
				COPY_PHASE_STRIP = NO;
				DEBUG_INFORMATION_FORMAT = dwarf;
				ENABLE_STRICT_OBJC_MSGSEND = YES;
				ENABLE_TESTABILITY = YES;
				GCC_C_LANGUAGE_STANDARD = gnu99;
				GCC_DYNAMIC_NO_PIC = NO;
				GCC_NO_COMMON_BLOCKS = YES;
				GCC_OPTIMIZATION_LEVEL = 0;
				GCC_PREPROCESSOR_DEFINITIONS = (
					"DEBUG=1",
					"$(inherited)",
				);
				GCC_WARN_64_TO_32_BIT_CONVERSION = YES;
				GCC_WARN_ABOUT_RETURN_TYPE = YES_ERROR;
				GCC_WARN_UNDECLARED_SELECTOR = YES;
				GCC_WARN_UNINITIALIZED_AUTOS = YES_AGGRESSIVE;
				GCC_WARN_UNUSED_FUNCTION = YES;
				GCC_WARN_UNUSED_VARIABLE = YES;
				IPHONEOS_DEPLOYMENT_TARGET = 10.1;
				MTL_ENABLE_DEBUG_INFO = YES;
				ONLY_ACTIVE_ARCH = YES;
				SDKROOT = iphoneos;
			};
			name = Debug;
		};
		882770941EF37E5B004DC6E6 /* Release */ = {
			isa = XCBuildConfiguration;
			buildSettings = {
				ALWAYS_SEARCH_USER_PATHS = NO;
				CLANG_ANALYZER_NONNULL = YES;
				CLANG_CXX_LANGUAGE_STANDARD = "gnu++0x";
				CLANG_CXX_LIBRARY = "libc++";
				CLANG_ENABLE_MODULES = YES;
				CLANG_ENABLE_OBJC_ARC = YES;
				CLANG_WARN_BOOL_CONVERSION = YES;
				CLANG_WARN_CONSTANT_CONVERSION = YES;
				CLANG_WARN_DIRECT_OBJC_ISA_USAGE = YES_ERROR;
				CLANG_WARN_DOCUMENTATION_COMMENTS = YES;
				CLANG_WARN_EMPTY_BODY = YES;
				CLANG_WARN_ENUM_CONVERSION = YES;
				CLANG_WARN_INFINITE_RECURSION = YES;
				CLANG_WARN_INT_CONVERSION = YES;
				CLANG_WARN_OBJC_ROOT_CLASS = YES_ERROR;
				CLANG_WARN_SUSPICIOUS_MOVES = YES;
				CLANG_WARN_UNREACHABLE_CODE = YES;
				CLANG_WARN__DUPLICATE_METHOD_MATCH = YES;
				"CODE_SIGN_IDENTITY[sdk=iphoneos*]" = "iPhone Developer";
				COPY_PHASE_STRIP = NO;
				DEBUG_INFORMATION_FORMAT = "dwarf-with-dsym";
				ENABLE_NS_ASSERTIONS = NO;
				ENABLE_STRICT_OBJC_MSGSEND = YES;
				GCC_C_LANGUAGE_STANDARD = gnu99;
				GCC_NO_COMMON_BLOCKS = YES;
				GCC_WARN_64_TO_32_BIT_CONVERSION = YES;
				GCC_WARN_ABOUT_RETURN_TYPE = YES_ERROR;
				GCC_WARN_UNDECLARED_SELECTOR = YES;
				GCC_WARN_UNINITIALIZED_AUTOS = YES_AGGRESSIVE;
				GCC_WARN_UNUSED_FUNCTION = YES;
				GCC_WARN_UNUSED_VARIABLE = YES;
				IPHONEOS_DEPLOYMENT_TARGET = 10.1;
				MTL_ENABLE_DEBUG_INFO = NO;
				SDKROOT = iphoneos;
				VALIDATE_PRODUCT = YES;
			};
			name = Release;
		};
		882770961EF37E5B004DC6E6 /* Debug */ = {
			isa = XCBuildConfiguration;
			buildSettings = {
				ASSETCATALOG_COMPILER_APPICON_NAME = AppIcon;
				GCC_PREFIX_HEADER = "$(PRODUCT_NAME)/PrefixHeader.pch";
				INFOPLIST_FILE = "图片上传/Info.plist";
				LD_RUNPATH_SEARCH_PATHS = "$(inherited) @executable_path/Frameworks";
				PRODUCT_BUNDLE_IDENTIFIER = "jkl.----";
				PRODUCT_NAME = "$(TARGET_NAME)";
			};
			name = Debug;
		};
		882770971EF37E5B004DC6E6 /* Release */ = {
			isa = XCBuildConfiguration;
			buildSettings = {
				ASSETCATALOG_COMPILER_APPICON_NAME = AppIcon;
				GCC_PREFIX_HEADER = "$(PRODUCT_NAME)/PrefixHeader.pch";
				INFOPLIST_FILE = "图片上传/Info.plist";
				LD_RUNPATH_SEARCH_PATHS = "$(inherited) @executable_path/Frameworks";
				PRODUCT_BUNDLE_IDENTIFIER = "jkl.----";
				PRODUCT_NAME = "$(TARGET_NAME)";
			};
			name = Release;
		};
		882770991EF37E5B004DC6E6 /* Debug */ = {
			isa = XCBuildConfiguration;
			buildSettings = {
				BUNDLE_LOADER = "$(TEST_HOST)";
				INFOPLIST_FILE = "图片上传Tests/Info.plist";
				LD_RUNPATH_SEARCH_PATHS = "$(inherited) @executable_path/Frameworks @loader_path/Frameworks";
				PRODUCT_BUNDLE_IDENTIFIER = "jkl.----Tests";
				PRODUCT_NAME = "$(TARGET_NAME)";
				TEST_HOST = "$(BUILT_PRODUCTS_DIR)/图片上传.app/图片上传";
			};
			name = Debug;
		};
		8827709A1EF37E5B004DC6E6 /* Release */ = {
			isa = XCBuildConfiguration;
			buildSettings = {
				BUNDLE_LOADER = "$(TEST_HOST)";
				INFOPLIST_FILE = "图片上传Tests/Info.plist";
				LD_RUNPATH_SEARCH_PATHS = "$(inherited) @executable_path/Frameworks @loader_path/Frameworks";
				PRODUCT_BUNDLE_IDENTIFIER = "jkl.----Tests";
				PRODUCT_NAME = "$(TARGET_NAME)";
				TEST_HOST = "$(BUILT_PRODUCTS_DIR)/图片上传.app/图片上传";
			};
			name = Release;
		};
		8827709C1EF37E5B004DC6E6 /* Debug */ = {
			isa = XCBuildConfiguration;
			buildSettings = {
				INFOPLIST_FILE = "图片上传UITests/Info.plist";
				LD_RUNPATH_SEARCH_PATHS = "$(inherited) @executable_path/Frameworks @loader_path/Frameworks";
				PRODUCT_BUNDLE_IDENTIFIER = "jkl.----UITests";
				PRODUCT_NAME = "$(TARGET_NAME)";
				TEST_TARGET_NAME = "图片上传";
			};
			name = Debug;
		};
		8827709D1EF37E5B004DC6E6 /* Release */ = {
			isa = XCBuildConfiguration;
			buildSettings = {
				INFOPLIST_FILE = "图片上传UITests/Info.plist";
				LD_RUNPATH_SEARCH_PATHS = "$(inherited) @executable_path/Frameworks @loader_path/Frameworks";
				PRODUCT_BUNDLE_IDENTIFIER = "jkl.----UITests";
				PRODUCT_NAME = "$(TARGET_NAME)";
				TEST_TARGET_NAME = "图片上传";
			};
			name = Release;
		};
/* End XCBuildConfiguration section */

/* Begin XCConfigurationList section */
		882770631EF37E5A004DC6E6 /* Build configuration list for PBXProject "图片上传" */ = {
			isa = XCConfigurationList;
			buildConfigurations = (
				882770931EF37E5B004DC6E6 /* Debug */,
				882770941EF37E5B004DC6E6 /* Release */,
			);
			defaultConfigurationIsVisible = 0;
			defaultConfigurationName = Release;
		};
		882770951EF37E5B004DC6E6 /* Build configuration list for PBXNativeTarget "图片上传" */ = {
			isa = XCConfigurationList;
			buildConfigurations = (
				882770961EF37E5B004DC6E6 /* Debug */,
				882770971EF37E5B004DC6E6 /* Release */,
			);
			defaultConfigurationIsVisible = 0;
		};
		882770981EF37E5B004DC6E6 /* Build configuration list for PBXNativeTarget "图片上传Tests" */ = {
			isa = XCConfigurationList;
			buildConfigurations = (
				882770991EF37E5B004DC6E6 /* Debug */,
				8827709A1EF37E5B004DC6E6 /* Release */,
			);
			defaultConfigurationIsVisible = 0;
		};
		8827709B1EF37E5B004DC6E6 /* Build configuration list for PBXNativeTarget "图片上传UITests" */ = {
			isa = XCConfigurationList;
			buildConfigurations = (
				8827709C1EF37E5B004DC6E6 /* Debug */,
				8827709D1EF37E5B004DC6E6 /* Release */,
			);
			defaultConfigurationIsVisible = 0;
		};
/* End XCConfigurationList section */
	};
	rootObject = 882770601EF37E5A004DC6E6 /* Project object */;
}
